
Microsoft Visual Studio Solution File, Format Version 12.00
# Visual Studio Version 17
VisualStudioVersion = 17.8.34309.116
MinimumVisualStudioVersion = 10.0.40219.1
Project("{9A19103F-16F7-4668-BE54-9A1E7A4F7556}") = "Api", "EventsAPI\Api.csproj", "{10672027-F4D5-4300-A54A-79CE5449C1BB}"
EndProject
Project("{9A19103F-16F7-4668-BE54-9A1E7A4F7556}") = "Application", "Application\Application.csproj", "{8053BCF2-8157-4998-AC82-7E4A26E1A2B9}"
EndProject
Project("{9A19103F-16F7-4668-BE54-9A1E7A4F7556}") = "Domain", "Domain\Domain.csproj", "{9FDDA4EF-E581-4FDB-B456-9FAD5CABCB1A}"
EndProject
Project("{9A19103F-16F7-4668-BE54-9A1E7A4F7556}") = "Contracts", "Contracts\Contracts.csproj", "{A45B7AEA-E6E3-4853-A847-C423DCC9CE83}"
EndProject
Project("{9A19103F-16F7-4668-BE54-9A1E7A4F7556}") = "Infrastructure", "Infrastructure\Infrastructure.csproj", "{2BB8B598-0EC1-45F3-AF03-F83790447849}"
EndProject
Global
	GlobalSection(SolutionConfigurationPlatforms) = preSolution
		Debug|Any CPU = Debug|Any CPU
		Release|Any CPU = Release|Any CPU
	EndGlobalSection
	GlobalSection(ProjectConfigurationPlatforms) = postSolution
		{10672027-F4D5-4300-A54A-79CE5449C1BB}.Debug|Any CPU.ActiveCfg = Debug|Any CPU
		{10672027-F4D5-4300-A54A-79CE5449C1BB}.Debug|Any CPU.Build.0 = Debug|Any CPU
		{10672027-F4D5-4300-A54A-79CE5449C1BB}.Release|Any CPU.ActiveCfg = Release|Any CPU
		{10672027-F4D5-4300-A54A-79CE5449C1BB}.Release|Any CPU.Build.0 = Release|Any CPU
		{8053BCF2-8157-4998-AC82-7E4A26E1A2B9}.Debug|Any CPU.ActiveCfg = Debug|Any CPU
		{8053BCF2-8157-4998-AC82-7E4A26E1A2B9}.Debug|Any CPU.Build.0 = Debug|Any CPU
		{8053BCF2-8157-4998-AC82-7E4A26E1A2B9}.Release|Any CPU.ActiveCfg = Release|Any CPU
		{8053BCF2-8157-4998-AC82-7E4A26E1A2B9}.Release|Any CPU.Build.0 = Release|Any CPU
		{9FDDA4EF-E581-4FDB-B456-9FAD5CABCB1A}.Debug|Any CPU.ActiveCfg = Debug|Any CPU
		{9FDDA4EF-E581-4FDB-B456-9FAD5CABCB1A}.Debug|Any CPU.Build.0 = Debug|Any CPU
		{9FDDA4EF-E581-4FDB-B456-9FAD5CABCB1A}.Release|Any CPU.ActiveCfg = Release|Any CPU
		{9FDDA4EF-E581-4FDB-B456-9FAD5CABCB1A}.Release|Any CPU.Build.0 = Release|Any CPU
		{A45B7AEA-E6E3-4853-A847-C423DCC9CE83}.Debug|Any CPU.ActiveCfg = Debug|Any CPU
		{A45B7AEA-E6E3-4853-A847-C423DCC9CE83}.Debug|Any CPU.Build.0 = Debug|Any CPU
		{A45B7AEA-E6E3-4853-A847-C423DCC9CE83}.Release|Any CPU.ActiveCfg = Release|Any CPU
		{A45B7AEA-E6E3-4853-A847-C423DCC9CE83}.Release|Any CPU.Build.0 = Release|Any CPU
		{2BB8B598-0EC1-45F3-AF03-F83790447849}.Debug|Any CPU.ActiveCfg = Debug|Any CPU
		{2BB8B598-0EC1-45F3-AF03-F83790447849}.Debug|Any CPU.Build.0 = Debug|Any CPU
		{2BB8B598-0EC1-45F3-AF03-F83790447849}.Release|Any CPU.ActiveCfg = Release|Any CPU
		{2BB8B598-0EC1-45F3-AF03-F83790447849}.Release|Any CPU.Build.0 = Release|Any CPU
	EndGlobalSection
	GlobalSection(SolutionProperties) = preSolution
		HideSolutionNode = FALSE
	EndGlobalSection
	GlobalSection(ExtensibilityGlobals) = postSolution
		SolutionGuid = {C8DFE5B9-7F95-4088-927A-26FAB62BF73C}
	EndGlobalSection
EndGlobal
